
Microsoft Visual Studio Solution File, Format Version 12.00
# Visual Studio 15
VisualStudioVersion = 15.0.28307.960
MinimumVisualStudioVersion = 10.0.40219.1
Project("{FAE04EC0-301F-11D3-BF4B-00C04F79EFBC}") = "IntegrationSeleniumTestRail", "IntegrationSeleniumTestRail\IntegrationSeleniumTestRail.csproj", "{058CDD95-D2F4-4379-B9EE-52768624AAB8}"
EndProject
Project("{FAE04EC0-301F-11D3-BF4B-00C04F79EFBC}") = "Gurock.TestRail", "dotnet\Gurock.TestRail.csproj", "{2162E7EE-ED4C-4C41-8E21-66976AB11D1A}"
EndProject
Global
	GlobalSection(SolutionConfigurationPlatforms) = preSolution
		Debug|Any CPU = Debug|Any CPU
		Release|Any CPU = Release|Any CPU
	EndGlobalSection
	GlobalSection(ProjectConfigurationPlatforms) = postSolution
		{058CDD95-D2F4-4379-B9EE-52768624AAB8}.Debug|Any CPU.ActiveCfg = Debug|Any CPU
		{058CDD95-D2F4-4379-B9EE-52768624AAB8}.Debug|Any CPU.Build.0 = Debug|Any CPU
		{058CDD95-D2F4-4379-B9EE-52768624AAB8}.Release|Any CPU.ActiveCfg = Release|Any CPU
		{058CDD95-D2F4-4379-B9EE-52768624AAB8}.Release|Any CPU.Build.0 = Release|Any CPU
		{2162E7EE-ED4C-4C41-8E21-66976AB11D1A}.Debug|Any CPU.ActiveCfg = Debug|Any CPU
		{2162E7EE-ED4C-4C41-8E21-66976AB11D1A}.Debug|Any CPU.Build.0 = Debug|Any CPU
		{2162E7EE-ED4C-4C41-8E21-66976AB11D1A}.Release|Any CPU.ActiveCfg = Release|Any CPU
		{2162E7EE-ED4C-4C41-8E21-66976AB11D1A}.Release|Any CPU.Build.0 = Release|Any CPU
	EndGlobalSection
	GlobalSection(SolutionProperties) = preSolution
		HideSolutionNode = FALSE
	EndGlobalSection
	GlobalSection(ExtensibilityGlobals) = postSolution
		SolutionGuid = {A4362616-9637-4E37-9AED-C80BD65B65D2}
	EndGlobalSection
EndGlobal
